{
  "lockfile_version": "1",
  "packages": {
    "errcheck@latest": {
      "last_modified": "2025-05-06T08:06:31Z",
      "resolved": "github:NixOS/nixpkgs/1cb1c02a6b1b7cf67e3d7731cbbf327a53da9679#errcheck",
      "source": "devbox-search",
      "version": "1.9.0",
      "systems": {
        "aarch64-darwin": {
          "outputs": [
            {
              "name": "out",
              "path": "/nix/store/mn7knkimr0s5ax4pz3grygxrx8kxnb0z-errcheck-1.9.0",
              "default": true
            }
          ],
          "store_path": "/nix/store/mn7knkimr0s5ax4pz3grygxrx8kxnb0z-errcheck-1.9.0"
        },
        "aarch64-linux": {
          "outputs": [
            {
              "name": "out",
              "path": "/nix/store/gjfgh6i4zaw1z5laq82w9ly6wrl1rqpy-errcheck-1.9.0",
              "default": true
            }
          ],
          "store_path": "/nix/store/gjfgh6i4zaw1z5laq82w9ly6wrl1rqpy-errcheck-1.9.0"
        },
        "x86_64-darwin": {
          "outputs": [
            {
              "name": "out",
              "path": "/nix/store/drnywng5a8wk7kmpii3sf37g1zpl92h0-errcheck-1.9.0",
              "default": true
            }
          ],
          "store_path": "/nix/store/drnywng5a8wk7kmpii3sf37g1zpl92h0-errcheck-1.9.0"
        },
        "x86_64-linux": {
          "outputs": [
            {
              "name": "out",
              "path": "/nix/store/2k1ll7md1iay0vidc63958y5lh5l3778-errcheck-1.9.0",
              "default": true
            }
          ],
          "store_path": "/nix/store/2k1ll7md1iay0vidc63958y5lh5l3778-errcheck-1.9.0"
        }
      }
    },
    "github:NixOS/nixpkgs/nixpkgs-unstable": {
      "last_modified": "2025-05-07T00:09:58Z",
      "resolved": "github:NixOS/nixpkgs/b3582c75c7f21ce0b429898980eddbbf05c68e55?lastModified=1746576598&narHash=sha256-FshoQvr6Aor5SnORVvh%2FZdJ1Sa2U4ZrIMwKBX5k2wu0%3D"
    },
    "gitleaks@latest": {
      "last_modified": "2025-05-06T08:06:31Z",
      "resolved": "github:NixOS/nixpkgs/1cb1c02a6b1b7cf67e3d7731cbbf327a53da9679#gitleaks",
      "source": "devbox-search",
      "version": "8.25.1",
      "systems": {
        "aarch64-darwin": {
          "outputs": [
            {
              "name": "out",
              "path": "/nix/store/0gljrsynpan7h0s8cmc6rw4h2hkalzsc-gitleaks-8.25.1",
              "default": true
            }
          ],
          "store_path": "/nix/store/0gljrsynpan7h0s8cmc6rw4h2hkalzsc-gitleaks-8.25.1"
        },
        "aarch64-linux": {
          "outputs": [
            {
              "name": "out",
              "path": "/nix/store/7i0wns4iiacbp2z42liwrkds7hpx8471-gitleaks-8.25.1",
              "default": true
            }
          ],
          "store_path": "/nix/store/7i0wns4iiacbp2z42liwrkds7hpx8471-gitleaks-8.25.1"
        },
        "x86_64-darwin": {
          "outputs": [
            {
              "name": "out",
              "path": "/nix/store/3bn04lbc8vj5i48319s8y64j7w00zdvj-gitleaks-8.25.1",
              "default": true
            }
          ],
          "store_path": "/nix/store/3bn04lbc8vj5i48319s8y64j7w00zdvj-gitleaks-8.25.1"
        },
        "x86_64-linux": {
          "outputs": [
            {
              "name": "out",
              "path": "/nix/store/icbdikb1ss07rmadhwxcn5nda19nvc3w-gitleaks-8.25.1",
              "default": true
            }
          ],
          "store_path": "/nix/store/icbdikb1ss07rmadhwxcn5nda19nvc3w-gitleaks-8.25.1"
        }
      }
    },
    "go-task@latest": {
      "last_modified": "2025-05-06T08:06:31Z",
      "resolved": "github:NixOS/nixpkgs/1cb1c02a6b1b7cf67e3d7731cbbf327a53da9679#go-task",
      "source": "devbox-search",
      "version": "3.43.2",
      "systems": {
        "aarch64-darwin": {
          "outputs": [
            {
              "name": "out",
              "path": "/nix/store/39hrm5b9bla7mxbbqf9n1c5a4k5kswln-go-task-3.43.2",
              "default": true
            }
          ],
          "store_path": "/nix/store/39hrm5b9bla7mxbbqf9n1c5a4k5kswln-go-task-3.43.2"
        },
        "aarch64-linux": {
          "outputs": [
            {
              "name": "out",
              "path": "/nix/store/7a1wimm8z159vrb0sx86s39vlwy7nfbz-go-task-3.43.2",
              "default": true
            }
          ],
          "store_path": "/nix/store/7a1wimm8z159vrb0sx86s39vlwy7nfbz-go-task-3.43.2"
        },
        "x86_64-darwin": {
          "outputs": [
            {
              "name": "out",
              "path": "/nix/store/fzs7djm360kivv5dfrlrm6792b6zf14n-go-task-3.43.2",
              "default": true
            }
          ],
          "store_path": "/nix/store/fzs7djm360kivv5dfrlrm6792b6zf14n-go-task-3.43.2"
        },
        "x86_64-linux": {
          "outputs": [
            {
              "name": "out",
              "path": "/nix/store/pnyim2vhfwqh8bqrbd9vwbhqj1vsx2lx-go-task-3.43.2",
              "default": true
            }
          ],
          "store_path": "/nix/store/pnyim2vhfwqh8bqrbd9vwbhqj1vsx2lx-go-task-3.43.2"
        }
      }
    },
    "go@1.24.2": {
      "last_modified": "2025-05-06T08:06:31Z",
      "resolved": "github:NixOS/nixpkgs/1cb1c02a6b1b7cf67e3d7731cbbf327a53da9679#go",
      "source": "devbox-search",
      "version": "1.24.2",
      "systems": {
        "aarch64-darwin": {
          "outputs": [
            {
              "name": "out",
              "path": "/nix/store/fd2s1z3why92qn8w7j6r0xlarikpv27v-go-1.24.2",
              "default": true
            }
          ],
          "store_path": "/nix/store/fd2s1z3why92qn8w7j6r0xlarikpv27v-go-1.24.2"
        },
        "aarch64-linux": {
          "outputs": [
            {
              "name": "out",
              "path": "/nix/store/kxiwzqk0rg2qfw2n246cgp9p5k46zw72-go-1.24.2",
              "default": true
            }
          ],
          "store_path": "/nix/store/kxiwzqk0rg2qfw2n246cgp9p5k46zw72-go-1.24.2"
        },
        "x86_64-darwin": {
          "outputs": [
            {
              "name": "out",
              "path": "/nix/store/m69ix2b1g4npzx093dxvbx3z5gzd0c1n-go-1.24.2",
              "default": true
            }
          ],
          "store_path": "/nix/store/m69ix2b1g4npzx093dxvbx3z5gzd0c1n-go-1.24.2"
        },
        "x86_64-linux": {
          "outputs": [
            {
              "name": "out",
              "path": "/nix/store/czwkf2ly24qy4gssd2scmjklp36b3pda-go-1.24.2",
              "default": true
            }
          ],
          "store_path": "/nix/store/czwkf2ly24qy4gssd2scmjklp36b3pda-go-1.24.2"
        }
      }
    },
    "golangci-lint@latest": {
      "last_modified": "2025-05-06T08:06:31Z",
      "resolved": "github:NixOS/nixpkgs/1cb1c02a6b1b7cf67e3d7731cbbf327a53da9679#golangci-lint",
      "source": "devbox-search",
      "version": "2.1.6",
      "systems": {
        "aarch64-linux": {
          "outputs": [
            {
              "name": "out",
              "path": "/nix/store/nzfzphypaibr5md38sqjm91i8azhynj4-golangci-lint-2.1.6",
              "default": true
            }
          ],
          "store_path": "/nix/store/nzfzphypaibr5md38sqjm91i8azhynj4-golangci-lint-2.1.6"
        },
        "x86_64-linux": {
          "outputs": [
            {
              "name": "out",
              "path": "/nix/store/05p9lrvs0d7qqcd2vdks2lvmvi0kdp05-golangci-lint-2.1.6",
              "default": true
            }
          ],
          "store_path": "/nix/store/05p9lrvs0d7qqcd2vdks2lvmvi0kdp05-golangci-lint-2.1.6"
        }
      }
    },
    "goreleaser@latest": {
      "last_modified": "2025-05-06T08:06:31Z",
      "resolved": "github:NixOS/nixpkgs/1cb1c02a6b1b7cf67e3d7731cbbf327a53da9679#goreleaser",
      "source": "devbox-search",
      "version": "2.9.0",
      "systems": {
        "aarch64-darwin": {
          "outputs": [
            {
              "name": "out",
              "path": "/nix/store/80r1z38i8184lp7xxcs6ss9khszh4gyf-goreleaser-2.9.0",
              "default": true
            }
          ],
          "store_path": "/nix/store/80r1z38i8184lp7xxcs6ss9khszh4gyf-goreleaser-2.9.0"
        },
        "aarch64-linux": {
          "outputs": [
            {
              "name": "out",
              "path": "/nix/store/pg2by80fn5i3dgxkl0ad4m56njvpjnax-goreleaser-2.9.0",
              "default": true
            }
          ],
          "store_path": "/nix/store/pg2by80fn5i3dgxkl0ad4m56njvpjnax-goreleaser-2.9.0"
        },
        "x86_64-darwin": {
          "outputs": [
            {
              "name": "out",
              "path": "/nix/store/r879776j6ymhyd3fg1jlqsy4v5aca5nd-goreleaser-2.9.0",
              "default": true
            }
          ],
          "store_path": "/nix/store/r879776j6ymhyd3fg1jlqsy4v5aca5nd-goreleaser-2.9.0"
        },
        "x86_64-linux": {
          "outputs": [
            {
              "name": "out",
              "path": "/nix/store/iibmw8lki8rf2kanzpg6c6n9llfq1737-goreleaser-2.9.0",
              "default": true
            }
          ],
          "store_path": "/nix/store/iibmw8lki8rf2kanzpg6c6n9llfq1737-goreleaser-2.9.0"
        }
      }
    },
    "gosec@latest": {
      "last_modified": "2025-05-06T08:06:31Z",
      "resolved": "github:NixOS/nixpkgs/1cb1c02a6b1b7cf67e3d7731cbbf327a53da9679#gosec",
      "source": "devbox-search",
      "version": "2.22.3",
      "systems": {
        "aarch64-darwin": {
          "outputs": [
            {
              "name": "out",
              "path": "/nix/store/n225jgdlk5qwsbwfk4s1mwfnrr51la0m-gosec-2.22.3",
              "default": true
            }
          ],
          "store_path": "/nix/store/n225jgdlk5qwsbwfk4s1mwfnrr51la0m-gosec-2.22.3"
        },
        "aarch64-linux": {
          "outputs": [
            {
              "name": "out",
              "path": "/nix/store/v1ridr2ajr0s7p99hym0g9krx4lqqmnq-gosec-2.22.3",
              "default": true
            }
          ],
          "store_path": "/nix/store/v1ridr2ajr0s7p99hym0g9krx4lqqmnq-gosec-2.22.3"
        },
        "x86_64-darwin": {
          "outputs": [
            {
              "name": "out",
              "path": "/nix/store/2gx21648lv32fcdvc5dzrdcprxk1al8s-gosec-2.22.3",
              "default": true
            }
          ],
          "store_path": "/nix/store/2gx21648lv32fcdvc5dzrdcprxk1al8s-gosec-2.22.3"
        },
        "x86_64-linux": {
          "outputs": [
            {
              "name": "out",
              "path": "/nix/store/8p8pm7k4g87a22g8y6wjlnhmk0w1zirq-gosec-2.22.3",
              "default": true
            }
          ],
          "store_path": "/nix/store/8p8pm7k4g87a22g8y6wjlnhmk0w1zirq-gosec-2.22.3"
        }
      }
    },
    "pre-commit@latest": {
      "last_modified": "2025-05-06T16:34:47Z",
      "resolved": "github:NixOS/nixpkgs/f90d0af5db814e870b2ad1aebc4e8924a30c53dd#pre-commit",
      "source": "devbox-search",
      "version": "4.0.1",
      "systems": {
        "aarch64-darwin": {
          "outputs": [
            {
              "name": "out",
              "path": "/nix/store/3qcg99ylsvnpgjz6mraychq1cq7h0hqy-pre-commit-4.0.1",
              "default": true
            },
            {
              "name": "dist",
              "path": "/nix/store/2kfsh11nmbfb4p0swc8fbd64zx8yxk2m-pre-commit-4.0.1-dist"
            }
          ],
          "store_path": "/nix/store/3qcg99ylsvnpgjz6mraychq1cq7h0hqy-pre-commit-4.0.1"
        },
        "aarch64-linux": {
          "outputs": [
            {
              "name": "out",
              "path": "/nix/store/ncrrahxiwhhbfhlahhchn4vjjbbx2bki-pre-commit-4.0.1",
              "default": true
            },
            {
              "name": "dist",
              "path": "/nix/store/hs6q88mzrg7ahs0q8zrpzdhcjx3q7hby-pre-commit-4.0.1-dist"
            }
          ],
          "store_path": "/nix/store/ncrrahxiwhhbfhlahhchn4vjjbbx2bki-pre-commit-4.0.1"
        },
        "x86_64-darwin": {
          "outputs": [
            {
              "name": "out",
              "path": "/nix/store/4cawf7w6kan4hk8fm7fd61r6wrcx1pql-pre-commit-4.0.1",
              "default": true
            },
            {
              "name": "dist",
              "path": "/nix/store/i66khaa7g5v722lp1lb1sf9ahzlsdbhl-pre-commit-4.0.1-dist"
            }
          ],
          "store_path": "/nix/store/4cawf7w6kan4hk8fm7fd61r6wrcx1pql-pre-commit-4.0.1"
        },
        "x86_64-linux": {
          "outputs": [
            {
              "name": "out",
              "path": "/nix/store/8y3rszv7dpch6l6hbixfhmdwmki75mqq-pre-commit-4.0.1",
              "default": true
            },
            {
              "name": "dist",
              "path": "/nix/store/xaxz96ykrhz5rw55p9i5qvykd06zz285-pre-commit-4.0.1-dist"
            }
          ],
          "store_path": "/nix/store/8y3rszv7dpch6l6hbixfhmdwmki75mqq-pre-commit-4.0.1"
        }
      }
    },
    "tparse@latest": {
      "last_modified": "2025-05-06T08:06:31Z",
      "resolved": "github:NixOS/nixpkgs/1cb1c02a6b1b7cf67e3d7731cbbf327a53da9679#tparse",
      "source": "devbox-search",
      "version": "0.17.0",
      "systems": {
        "aarch64-darwin": {
          "outputs": [
            {
              "name": "out",
              "path": "/nix/store/5n5pcaq6bahdgpm1b2vf5mzf2b08mmvv-tparse-0.17.0",
              "default": true
            }
          ],
          "store_path": "/nix/store/5n5pcaq6bahdgpm1b2vf5mzf2b08mmvv-tparse-0.17.0"
        },
        "aarch64-linux": {
          "outputs": [
            {
              "name": "out",
              "path": "/nix/store/vnx0dbz2iwibay2gwj7qbf7anrsp93ni-tparse-0.17.0",
              "default": true
            }
          ],
          "store_path": "/nix/store/vnx0dbz2iwibay2gwj7qbf7anrsp93ni-tparse-0.17.0"
        },
        "x86_64-darwin": {
          "outputs": [
            {
              "name": "out",
              "path": "/nix/store/zgs7x7wr2mb87rgvgk1jmlqg0c33rwfa-tparse-0.17.0",
              "default": true
            }
          ],
          "store_path": "/nix/store/zgs7x7wr2mb87rgvgk1jmlqg0c33rwfa-tparse-0.17.0"
        },
        "x86_64-linux": {
          "outputs": [
            {
              "name": "out",
              "path": "/nix/store/6zq2ysm7mjb1fwvm8arn51qgc61ilgbl-tparse-0.17.0",
              "default": true
            }
          ],
          "store_path": "/nix/store/6zq2ysm7mjb1fwvm8arn51qgc61ilgbl-tparse-0.17.0"
        }
      }
    },
    "upx@latest": {
      "last_modified": "2025-05-06T08:06:31Z",
      "resolved": "github:NixOS/nixpkgs/1cb1c02a6b1b7cf67e3d7731cbbf327a53da9679#upx",
      "source": "devbox-search",
      "version": "5.0.0",
      "systems": {
        "aarch64-darwin": {
          "outputs": [
            {
              "name": "out",
              "path": "/nix/store/f8njkvjxj1rhskhai21zjlnjlwkb0i37-upx-5.0.0",
              "default": true
            }
          ],
          "store_path": "/nix/store/f8njkvjxj1rhskhai21zjlnjlwkb0i37-upx-5.0.0"
        },
        "aarch64-linux": {
          "outputs": [
            {
              "name": "out",
              "path": "/nix/store/83hx7w5fhrvsns1zmrwvb6k2zhkv8dlq-upx-5.0.0",
              "default": true
            }
          ],
          "store_path": "/nix/store/83hx7w5fhrvsns1zmrwvb6k2zhkv8dlq-upx-5.0.0"
        },
        "x86_64-darwin": {
          "outputs": [
            {
              "name": "out",
              "path": "/nix/store/a0kxzlr8dfz4nv6ym0xm8v288fh0y0ma-upx-5.0.0",
              "default": true
            }
          ],
          "store_path": "/nix/store/a0kxzlr8dfz4nv6ym0xm8v288fh0y0ma-upx-5.0.0"
        },
        "x86_64-linux": {
          "outputs": [
            {
              "name": "out",
              "path": "/nix/store/yqqzm61b5d09rs5ymfqa89xcj8bks7s2-upx-5.0.0",
              "default": true
            }
          ],
          "store_path": "/nix/store/yqqzm61b5d09rs5ymfqa89xcj8bks7s2-upx-5.0.0"
        }
      }
    }
  }
}
